
Microsoft Visual Studio Solution File, Format Version 12.00
# Visual Studio Version 17
VisualStudioVersion = 17.9.34607.119
MinimumVisualStudioVersion = 10.0.40219.1
Project("{9A19103F-16F7-4668-BE54-9A1E7A4F7556}") = "minimal-api", "minimal-api.csproj", "{D51900BF-D2C4-4168-B2EE-88DE1368EAAC}"
EndProject
Global
	GlobalSection(SolutionConfigurationPlatforms) = preSolution
		Debug|Any CPU = Debug|Any CPU
		Debug|x64 = Debug|x64
		Release|Any CPU = Release|Any CPU
		Release|x64 = Release|x64
	EndGlobalSection
	GlobalSection(ProjectConfigurationPlatforms) = postSolution
		{D51900BF-D2C4-4168-B2EE-88DE1368EAAC}.Debug|Any CPU.ActiveCfg = Debug|Any CPU
		{D51900BF-D2C4-4168-B2EE-88DE1368EAAC}.Debug|Any CPU.Build.0 = Debug|Any CPU
		{D51900BF-D2C4-4168-B2EE-88DE1368EAAC}.Debug|x64.ActiveCfg = Debug|x64
		{D51900BF-D2C4-4168-B2EE-88DE1368EAAC}.Debug|x64.Build.0 = Debug|x64
		{D51900BF-D2C4-4168-B2EE-88DE1368EAAC}.Release|Any CPU.ActiveCfg = Release|Any CPU
		{D51900BF-D2C4-4168-B2EE-88DE1368EAAC}.Release|Any CPU.Build.0 = Release|Any CPU
		{D51900BF-D2C4-4168-B2EE-88DE1368EAAC}.Release|x64.ActiveCfg = Release|x64
		{D51900BF-D2C4-4168-B2EE-88DE1368EAAC}.Release|x64.Build.0 = Release|x64
	EndGlobalSection
	GlobalSection(SolutionProperties) = preSolution
		HideSolutionNode = FALSE
	EndGlobalSection
	GlobalSection(ExtensibilityGlobals) = postSolution
		SolutionGuid = {334EB981-DF75-4575-B8B5-4ACFE4EAC254}
	EndGlobalSection
EndGlobal
