
Microsoft Visual Studio Solution File, Format Version 12.00
# Visual Studio Version 17
VisualStudioVersion = 17.9.34607.119
MinimumVisualStudioVersion = 10.0.40219.1
Project("{9A19103F-16F7-4668-BE54-9A1E7A4F7556}") = "mvc-api", "mvc-api.csproj", "{EB052705-3044-49C1-8829-346BEA2E3369}"
EndProject
Global
	GlobalSection(SolutionConfigurationPlatforms) = preSolution
		Debug|Any CPU = Debug|Any CPU
		Debug|x64 = Debug|x64
		Release|Any CPU = Release|Any CPU
		Release|x64 = Release|x64
	EndGlobalSection
	GlobalSection(ProjectConfigurationPlatforms) = postSolution
		{EB052705-3044-49C1-8829-346BEA2E3369}.Debug|Any CPU.ActiveCfg = Debug|Any CPU
		{EB052705-3044-49C1-8829-346BEA2E3369}.Debug|Any CPU.Build.0 = Debug|Any CPU
		{EB052705-3044-49C1-8829-346BEA2E3369}.Debug|x64.ActiveCfg = Debug|x64
		{EB052705-3044-49C1-8829-346BEA2E3369}.Debug|x64.Build.0 = Debug|x64
		{EB052705-3044-49C1-8829-346BEA2E3369}.Release|Any CPU.ActiveCfg = Release|Any CPU
		{EB052705-3044-49C1-8829-346BEA2E3369}.Release|Any CPU.Build.0 = Release|Any CPU
		{EB052705-3044-49C1-8829-346BEA2E3369}.Release|x64.ActiveCfg = Release|x64
		{EB052705-3044-49C1-8829-346BEA2E3369}.Release|x64.Build.0 = Release|x64
	EndGlobalSection
	GlobalSection(SolutionProperties) = preSolution
		HideSolutionNode = FALSE
	EndGlobalSection
	GlobalSection(ExtensibilityGlobals) = postSolution
		SolutionGuid = {334EB981-DF75-4575-B8B5-4ACFE4EAC254}
	EndGlobalSection
EndGlobal
